{
  "name": "wme-road-shield-assistant",
  "version": "1.0.0",
  "lockfileVersion": 3,
  "requires": true,
  "packages": {
    "": {
      "name": "wme-road-shield-assistant",
      "version": "1.0.0",
      "dependencies": {
        "wme-road-shield-assistant": "file:"
      },
      "devDependencies": {
        "@types/jquery": "^3.5.32",
        "@types/ol": "^7.0.0",
        "@types/tampermonkey": "^5.0.4",
        "@types/underscore": "^1.13.0",
        "greasemonkey": "^1.0.3",
        "prettier": "^3.4.2",
        "typescript": "^5.7.2",
        "underscore": "^1.13.7",
        "wme-sdk": "https://web-assets.waze.com/wme_sdk_docs/beta/latest/wme-sdk-typings.tgz"
      }
    },
    "node_modules/@petamoriken/float16": {
      "version": "3.9.0",
      "resolved": "https://registry.npmjs.org/@petamoriken/float16/-/float16-3.9.0.tgz",
      "integrity": "sha512-rYUZ+VFjPHD0NT2JYKj64NxXxrV642IiyaUxxorTEj0S3hT7B5Ixezyc9Fn+XvSk0ETEBp5VWjGIErzh0ug0Xw==",
      "dev": true,
      "license": "MIT"
    },
    "node_modules/@types/bluebird": {
      "version": "3.5.42",
      "resolved": "https://registry.npmjs.org/@types/bluebird/-/bluebird-3.5.42.tgz",
      "integrity": "sha512-Jhy+MWRlro6UjVi578V/4ZGNfeCOcNCp0YaFNIUGFKlImowqwb1O/22wDVk3FDGMLqxdpOV3qQHD5fPEH4hK6A==",
      "dev": true,
      "license": "MIT"
    },
    "node_modules/@types/geojson": {
      "version": "7946.0.15",
      "resolved": "https://registry.npmjs.org/@types/geojson/-/geojson-7946.0.15.tgz",
      "integrity": "sha512-9oSxFzDCT2Rj6DfcHF8G++jxBKS7mBqXl5xrRW+Kbvjry6Uduya2iiwqHPhVXpasAVMBYKkEPGgKhd3+/HZ6xA==",
      "dev": true,
      "license": "MIT",
      "peer": true
    },
    "node_modules/@types/greasemonkey": {
      "version": "0.0.28",
      "resolved": "https://registry.npmjs.org/@types/greasemonkey/-/greasemonkey-0.0.28.tgz",
      "integrity": "sha512-DpeHRwE25/AyUF7UWtcwVixkUgw4+H35yr94eH0V6XdFwIBYfcNk/W6XP3CcdZshfGghSwVKIzFb6XJc5fPNgg==",
      "dev": true,
      "license": "MIT"
    },
    "node_modules/@types/jquery": {
      "version": "3.5.32",
      "resolved": "https://registry.npmjs.org/@types/jquery/-/jquery-3.5.32.tgz",
      "integrity": "sha512-b9Xbf4CkMqS02YH8zACqN1xzdxc3cO735Qe5AbSUFmyOiaWAbcpqh9Wna+Uk0vgACvoQHpWDg2rGdHkYPLmCiQ==",
      "dev": true,
      "license": "MIT",
      "dependencies": {
        "@types/sizzle": "*"
      }
    },
    "node_modules/@types/ol": {
      "version": "7.0.0",
      "resolved": "https://registry.npmjs.org/@types/ol/-/ol-7.0.0.tgz",
      "integrity": "sha512-JKNA4FYdgBz1GidTsrHu4PPPbCCpddXRG0qDpX8Cz08n2RxJ5PZIQaiAGQKO0y2pNuy7qBQqgOu/rQwttj+L3w==",
      "deprecated": "This is a stub types definition. ol provides its own type definitions, so you do not need this installed.",
      "dev": true,
      "license": "MIT",
      "dependencies": {
        "ol": "*"
      }
    },
    "node_modules/@types/rbush": {
      "version": "4.0.0",
      "resolved": "https://registry.npmjs.org/@types/rbush/-/rbush-4.0.0.tgz",
      "integrity": "sha512-+N+2H39P8X+Hy1I5mC6awlTX54k3FhiUmvt7HWzGJZvF+syUAAxP/stwppS8JE84YHqFgRMv6fCy31202CMFxQ==",
      "dev": true,
      "license": "MIT"
    },
    "node_modules/@types/sizzle": {
      "version": "2.3.9",
      "resolved": "https://registry.npmjs.org/@types/sizzle/-/sizzle-2.3.9.tgz",
      "integrity": "sha512-xzLEyKB50yqCUPUJkIsrVvoWNfFUbIZI+RspLWt8u+tIW/BetMBZtgV2LY/2o+tYH8dRvQ+eoPf3NdhQCcLE2w==",
      "dev": true,
      "license": "MIT"
    },
    "node_modules/@types/tampermonkey": {
      "version": "5.0.4",
      "resolved": "https://registry.npmjs.org/@types/tampermonkey/-/tampermonkey-5.0.4.tgz",
      "integrity": "sha512-HEJ0O5CkDZSwIgd9Zip4xM8o7gZC8zBmJuH1YEXNINIC+aCWEXD10pnpo3NQG5IWHx+Xr4fMSGq1jqeKXH2lpA==",
      "dev": true,
      "license": "MIT"
    },
    "node_modules/@types/underscore": {
      "version": "1.13.0",
      "resolved": "https://registry.npmjs.org/@types/underscore/-/underscore-1.13.0.tgz",
      "integrity": "sha512-L6LBgy1f0EFQZ+7uSA57+n2g/s4Qs5r06Vwrwn0/nuK1de+adz00NWaztRQ30aEqw5qOaWbPI8u2cGQ52lj6VA==",
      "dev": true,
      "license": "MIT"
    },
    "node_modules/bluebird": {
      "version": "3.7.2",
      "resolved": "https://registry.npmjs.org/bluebird/-/bluebird-3.7.2.tgz",
      "integrity": "sha512-XpNj6GDQzdfW+r2Wnn7xiSAd7TM3jzkxGXBGTtWKuSXv1xUV+azxAm8jdWZN06QTQk+2N2XB9jRDkvbmQmcRtg==",
      "dev": true,
      "license": "MIT"
    },
    "node_modules/color-name": {
      "version": "2.0.0",
      "resolved": "https://registry.npmjs.org/color-name/-/color-name-2.0.0.tgz",
      "integrity": "sha512-SbtvAMWvASO5TE2QP07jHBMXKafgdZz8Vrsrn96fiL+O92/FN/PLARzUW5sKt013fjAprK2d2iCn2hk2Xb5oow==",
      "dev": true,
      "license": "MIT",
      "engines": {
        "node": ">=12.20"
      }
    },
    "node_modules/color-parse": {
      "version": "2.0.2",
      "resolved": "https://registry.npmjs.org/color-parse/-/color-parse-2.0.2.tgz",
      "integrity": "sha512-eCtOz5w5ttWIUcaKLiktF+DxZO1R9KLNY/xhbV6CkhM7sR3GhVghmt6X6yOnzeaM24po+Z9/S1apbXMwA3Iepw==",
      "dev": true,
      "license": "MIT",
      "dependencies": {
        "color-name": "^2.0.0"
      }
    },
    "node_modules/color-rgba": {
      "version": "3.0.0",
      "resolved": "https://registry.npmjs.org/color-rgba/-/color-rgba-3.0.0.tgz",
      "integrity": "sha512-PPwZYkEY3M2THEHHV6Y95sGUie77S7X8v+h1r6LSAPF3/LL2xJ8duUXSrkic31Nzc4odPwHgUbiX/XuTYzQHQg==",
      "dev": true,
      "license": "MIT",
      "dependencies": {
        "color-parse": "^2.0.0",
        "color-space": "^2.0.0"
      }
    },
    "node_modules/color-space": {
      "version": "2.0.1",
      "resolved": "https://registry.npmjs.org/color-space/-/color-space-2.0.1.tgz",
      "integrity": "sha512-nKqUYlo0vZATVOFHY810BSYjmCARrG7e5R3UE3CQlyjJTvv5kSSmPG1kzm/oDyyqjehM+lW1RnEt9It9GNa5JA==",
      "dev": true,
      "license": "MIT"
    },
    "node_modules/earcut": {
      "version": "3.0.0",
      "resolved": "https://registry.npmjs.org/earcut/-/earcut-3.0.0.tgz",
      "integrity": "sha512-41Fs7Q/PLq1SDbqjsgcY7GA42T0jvaCNGXgGtsNdvg+Yv8eIu06bxv4/PoREkZ9nMDNwnUSG9OFB9+yv8eKhDg==",
      "dev": true,
      "license": "ISC"
    },
    "node_modules/geotiff": {
      "version": "2.1.3",
      "resolved": "https://registry.npmjs.org/geotiff/-/geotiff-2.1.3.tgz",
      "integrity": "sha512-PT6uoF5a1+kbC3tHmZSUsLHBp2QJlHasxxxxPW47QIY1VBKpFB+FcDvX+MxER6UzgLQZ0xDzJ9s48B9JbOCTqA==",
      "dev": true,
      "license": "MIT",
      "dependencies": {
        "@petamoriken/float16": "^3.4.7",
        "lerc": "^3.0.0",
        "pako": "^2.0.4",
        "parse-headers": "^2.0.2",
        "quick-lru": "^6.1.1",
        "web-worker": "^1.2.0",
        "xml-utils": "^1.0.2",
        "zstddec": "^0.1.0"
      },
      "engines": {
        "node": ">=10.19"
      }
    },
    "node_modules/greasemonkey": {
      "version": "1.0.3",
      "resolved": "https://registry.npmjs.org/greasemonkey/-/greasemonkey-1.0.3.tgz",
      "integrity": "sha512-UX0VYCVx7uPLqvGs03Z/sUe/cAPSOoDqiIW4An6o4wjSIL/SWgWpvfuFyFjTbT1QP36oNFeFjRI56SPdBxyeKQ==",
      "dev": true,
      "license": "ISC",
      "dependencies": {
        "@types/bluebird": "^3",
        "@types/greasemonkey": "^0",
        "bluebird": "^3.5.4"
      }
    },
    "node_modules/lerc": {
      "version": "3.0.0",
      "resolved": "https://registry.npmjs.org/lerc/-/lerc-3.0.0.tgz",
      "integrity": "sha512-Rm4J/WaHhRa93nCN2mwWDZFoRVF18G1f47C+kvQWyHGEZxFpTUi73p7lMVSAndyxGt6lJ2/CFbOcf9ra5p8aww==",
      "dev": true,
      "license": "Apache-2.0"
    },
    "node_modules/ol": {
      "version": "10.3.1",
      "resolved": "https://registry.npmjs.org/ol/-/ol-10.3.1.tgz",
      "integrity": "sha512-D1nRQVLOBCRempVqBFV8pSI5H13BtnhuLDjGl+3NKdMOFyjx/UqRX/tcMspEw3LhFOSPWn1Ev+1KIRV8AlHM7A==",
      "dev": true,
      "license": "BSD-2-Clause",
      "dependencies": {
        "@types/rbush": "4.0.0",
        "color-rgba": "^3.0.0",
        "color-space": "^2.0.1",
        "earcut": "^3.0.0",
        "geotiff": "^2.1.3",
        "pbf": "4.0.1",
        "rbush": "^4.0.0"
      },
      "funding": {
        "type": "opencollective",
        "url": "https://opencollective.com/openlayers"
      }
    },
    "node_modules/pako": {
      "version": "2.1.0",
      "resolved": "https://registry.npmjs.org/pako/-/pako-2.1.0.tgz",
      "integrity": "sha512-w+eufiZ1WuJYgPXbV/PO3NCMEc3xqylkKHzp8bxp1uW4qaSNQUkwmLLEc3kKsfz8lpV1F8Ht3U1Cm+9Srog2ug==",
      "dev": true,
      "license": "(MIT AND Zlib)"
    },
    "node_modules/parse-headers": {
      "version": "2.0.5",
      "resolved": "https://registry.npmjs.org/parse-headers/-/parse-headers-2.0.5.tgz",
      "integrity": "sha512-ft3iAoLOB/MlwbNXgzy43SWGP6sQki2jQvAyBg/zDFAgr9bfNWZIUj42Kw2eJIl8kEi4PbgE6U1Zau/HwI75HA==",
      "dev": true,
      "license": "MIT"
    },
    "node_modules/pbf": {
      "version": "4.0.1",
      "resolved": "https://registry.npmjs.org/pbf/-/pbf-4.0.1.tgz",
      "integrity": "sha512-SuLdBvS42z33m8ejRbInMapQe8n0D3vN/Xd5fmWM3tufNgRQFBpaW2YVJxQZV4iPNqb0vEFvssMEo5w9c6BTIA==",
      "dev": true,
      "license": "BSD-3-Clause",
      "dependencies": {
        "resolve-protobuf-schema": "^2.1.0"
      },
      "bin": {
        "pbf": "bin/pbf"
      }
    },
    "node_modules/prettier": {
      "version": "3.4.2",
      "resolved": "https://registry.npmjs.org/prettier/-/prettier-3.4.2.tgz",
      "integrity": "sha512-e9MewbtFo+Fevyuxn/4rrcDAaq0IYxPGLvObpQjiZBMAzB9IGmzlnG9RZy3FFas+eBMu2vA0CszMeduow5dIuQ==",
      "dev": true,
      "license": "MIT",
      "bin": {
        "prettier": "bin/prettier.cjs"
      },
      "engines": {
        "node": ">=14"
      },
      "funding": {
        "url": "https://github.com/prettier/prettier?sponsor=1"
      }
    },
    "node_modules/protocol-buffers-schema": {
      "version": "3.6.0",
      "resolved": "https://registry.npmjs.org/protocol-buffers-schema/-/protocol-buffers-schema-3.6.0.tgz",
      "integrity": "sha512-TdDRD+/QNdrCGCE7v8340QyuXd4kIWIgapsE2+n/SaGiSSbomYl4TjHlvIoCWRpE7wFt02EpB35VVA2ImcBVqw==",
      "dev": true,
      "license": "MIT"
    },
    "node_modules/quick-lru": {
      "version": "6.1.2",
      "resolved": "https://registry.npmjs.org/quick-lru/-/quick-lru-6.1.2.tgz",
      "integrity": "sha512-AAFUA5O1d83pIHEhJwWCq/RQcRukCkn/NSm2QsTEMle5f2hP0ChI2+3Xb051PZCkLryI/Ir1MVKviT2FIloaTQ==",
      "dev": true,
      "license": "MIT",
      "engines": {
        "node": ">=12"
      },
      "funding": {
        "url": "https://github.com/sponsors/sindresorhus"
      }
    },
    "node_modules/quickselect": {
      "version": "3.0.0",
      "resolved": "https://registry.npmjs.org/quickselect/-/quickselect-3.0.0.tgz",
      "integrity": "sha512-XdjUArbK4Bm5fLLvlm5KpTFOiOThgfWWI4axAZDWg4E/0mKdZyI9tNEfds27qCi1ze/vwTR16kvmmGhRra3c2g==",
      "dev": true,
      "license": "ISC"
    },
    "node_modules/rbush": {
      "version": "4.0.1",
      "resolved": "https://registry.npmjs.org/rbush/-/rbush-4.0.1.tgz",
      "integrity": "sha512-IP0UpfeWQujYC8Jg162rMNc01Rf0gWMMAb2Uxus/Q0qOFw4lCcq6ZnQEZwUoJqWyUGJ9th7JjwI4yIWo+uvoAQ==",
      "dev": true,
      "license": "MIT",
      "dependencies": {
        "quickselect": "^3.0.0"
      }
    },
    "node_modules/resolve-protobuf-schema": {
      "version": "2.1.0",
      "resolved": "https://registry.npmjs.org/resolve-protobuf-schema/-/resolve-protobuf-schema-2.1.0.tgz",
      "integrity": "sha512-kI5ffTiZWmJaS/huM8wZfEMer1eRd7oJQhDuxeCLe3t7N7mX3z94CN0xPxBQxFYQTSNz9T0i+v6inKqSdK8xrQ==",
      "dev": true,
      "license": "MIT",
      "dependencies": {
        "protocol-buffers-schema": "^3.3.1"
      }
    },
    "node_modules/typescript": {
      "version": "5.7.2",
      "resolved": "https://registry.npmjs.org/typescript/-/typescript-5.7.2.tgz",
      "integrity": "sha512-i5t66RHxDvVN40HfDd1PsEThGNnlMCMT3jMUuoh9/0TaqWevNontacunWyN02LA9/fIbEWlcHZcgTKb9QoaLfg==",
      "dev": true,
      "license": "Apache-2.0",
      "bin": {
        "tsc": "bin/tsc",
        "tsserver": "bin/tsserver"
      },
      "engines": {
        "node": ">=14.17"
      }
    },
    "node_modules/underscore": {
      "version": "1.13.7",
      "resolved": "https://registry.npmjs.org/underscore/-/underscore-1.13.7.tgz",
      "integrity": "sha512-GMXzWtsc57XAtguZgaQViUOzs0KTkk8ojr3/xAxXLITqf/3EMwxC0inyETfDFjH/Krbhuep0HNbbjI9i/q3F3g==",
      "dev": true,
      "license": "MIT"
    },
    "node_modules/web-worker": {
      "version": "1.3.0",
      "resolved": "https://registry.npmjs.org/web-worker/-/web-worker-1.3.0.tgz",
      "integrity": "sha512-BSR9wyRsy/KOValMgd5kMyr3JzpdeoR9KVId8u5GVlTTAtNChlsE4yTxeY7zMdNSyOmoKBv8NH2qeRY9Tg+IaA==",
      "dev": true,
      "license": "Apache-2.0"
    },
    "node_modules/wme-road-shield-assistant": {
      "resolved": "",
      "link": true
    },
    "node_modules/wme-sdk": {
      "name": "wme-sdk-typings",
      "version": "v2.264-5-gac2d9cb9b",
      "resolved": "https://web-assets.waze.com/wme_sdk_docs/beta/latest/wme-sdk-typings.tgz",
      "integrity": "sha512-TkVzyGYX3Wt+ZcC/hyUDANOE5feGYjz9HeYLUUePxuwCexbM/PQbPPjFy4nvrspEh82km7CFQvo1xNk5wmVJtw==",
      "dev": true,
      "license": "UNLICENSED",
      "peerDependencies": {
        "@types/geojson": "^7946.0.14"
      }
    },
    "node_modules/xml-utils": {
      "version": "1.10.1",
      "resolved": "https://registry.npmjs.org/xml-utils/-/xml-utils-1.10.1.tgz",
      "integrity": "sha512-Dn6vJ1Z9v1tepSjvnCpwk5QqwIPcEFKdgnjqfYOABv1ngSofuAhtlugcUC3ehS1OHdgDWSG6C5mvj+Qm15udTQ==",
      "dev": true,
      "license": "CC0-1.0"
    },
    "node_modules/zstddec": {
      "version": "0.1.0",
      "resolved": "https://registry.npmjs.org/zstddec/-/zstddec-0.1.0.tgz",
      "integrity": "sha512-w2NTI8+3l3eeltKAdK8QpiLo/flRAr2p8AGeakfMZOXBxOg9HIu4LVDxBi81sYgVhFhdJjv1OrB5ssI8uFPoLg==",
      "dev": true,
      "license": "MIT AND BSD-3-Clause"
    }
  }
}
